
Microsoft Visual Studio Solution File, Format Version 12.00
# Visual Studio Version 17
VisualStudioVersion = 17.8.34330.188
MinimumVisualStudioVersion = 10.0.40219.1
Project("{FAE04EC0-301F-11D3-BF4B-00C04F79EFBC}") = "API", "API\API.csproj", "{CAF2D004-E63B-4BBD-9607-C4117D641E49}"
EndProject
Project("{FAE04EC0-301F-11D3-BF4B-00C04F79EFBC}") = "Entities", "Entities\Entities.csproj", "{B48E60AA-FE7E-4842-8EFA-CA9324F98E64}"
EndProject
Project("{FAE04EC0-301F-11D3-BF4B-00C04F79EFBC}") = "Dtos", "Dtos\Dtos.csproj", "{9B0C97F3-7B12-40B1-9D85-25EA31DF4F2A}"
EndProject
Global
	GlobalSection(SolutionConfigurationPlatforms) = preSolution
		Debug|Any CPU = Debug|Any CPU
		Release|Any CPU = Release|Any CPU
	EndGlobalSection
	GlobalSection(ProjectConfigurationPlatforms) = postSolution
		{CAF2D004-E63B-4BBD-9607-C4117D641E49}.Debug|Any CPU.ActiveCfg = Debug|Any CPU
		{CAF2D004-E63B-4BBD-9607-C4117D641E49}.Debug|Any CPU.Build.0 = Debug|Any CPU
		{CAF2D004-E63B-4BBD-9607-C4117D641E49}.Release|Any CPU.ActiveCfg = Release|Any CPU
		{CAF2D004-E63B-4BBD-9607-C4117D641E49}.Release|Any CPU.Build.0 = Release|Any CPU
		{B48E60AA-FE7E-4842-8EFA-CA9324F98E64}.Debug|Any CPU.ActiveCfg = Debug|Any CPU
		{B48E60AA-FE7E-4842-8EFA-CA9324F98E64}.Debug|Any CPU.Build.0 = Debug|Any CPU
		{B48E60AA-FE7E-4842-8EFA-CA9324F98E64}.Release|Any CPU.ActiveCfg = Release|Any CPU
		{B48E60AA-FE7E-4842-8EFA-CA9324F98E64}.Release|Any CPU.Build.0 = Release|Any CPU
		{9B0C97F3-7B12-40B1-9D85-25EA31DF4F2A}.Debug|Any CPU.ActiveCfg = Debug|Any CPU
		{9B0C97F3-7B12-40B1-9D85-25EA31DF4F2A}.Debug|Any CPU.Build.0 = Debug|Any CPU
		{9B0C97F3-7B12-40B1-9D85-25EA31DF4F2A}.Release|Any CPU.ActiveCfg = Release|Any CPU
		{9B0C97F3-7B12-40B1-9D85-25EA31DF4F2A}.Release|Any CPU.Build.0 = Release|Any CPU
	EndGlobalSection
	GlobalSection(SolutionProperties) = preSolution
		HideSolutionNode = FALSE
	EndGlobalSection
	GlobalSection(ExtensibilityGlobals) = postSolution
		SolutionGuid = {A81E6502-BC6D-4959-B80D-2174264A8CB3}
	EndGlobalSection
EndGlobal
