
Microsoft Visual Studio Solution File, Format Version 12.00
# Visual Studio Version 17
VisualStudioVersion = 17.8.34330.188
MinimumVisualStudioVersion = 10.0.40219.1
Project("{FAE04EC0-301F-11D3-BF4B-00C04F79EFBC}") = "TimeProject.Api", "TimeProject.Api\TimeProject.Api.csproj", "{CAF2D004-E63B-4BBD-9607-C4117D641E49}"
EndProject
Project("{FAE04EC0-301F-11D3-BF4B-00C04F79EFBC}") = "TimeProject.UnitTests", "TimeProject.UnitTests\TimeProject.UnitTests.csproj", "{35E75EBD-209B-4B1C-A854-51A3AC1D2AE3}"
EndProject
Project("{FAE04EC0-301F-11D3-BF4B-00C04F79EFBC}") = "TimeProject.Domain", "TimeProject.Domain\TimeProject.Domain.csproj", "{D66F4BF6-8526-4A84-80C2-4E229759992F}"
EndProject
Project("{FAE04EC0-301F-11D3-BF4B-00C04F79EFBC}") = "TimeProject.Application", "TimeProject.Application\TimeProject.Application.csproj", "{654FF997-9EBC-48B4-9307-0ED9E5960CC3}"
EndProject
Project("{FAE04EC0-301F-11D3-BF4B-00C04F79EFBC}") = "TimeProject.Infrastructure", "TimeProject.Infrastructure\TimeProject.Infrastructure.csproj", "{DEAC4052-8A6B-4A48-A5CC-5C24A33E790F}"
EndProject
Global
	GlobalSection(SolutionConfigurationPlatforms) = preSolution
		Debug|Any CPU = Debug|Any CPU
		Release|Any CPU = Release|Any CPU
	EndGlobalSection
	GlobalSection(ProjectConfigurationPlatforms) = postSolution
		{CAF2D004-E63B-4BBD-9607-C4117D641E49}.Debug|Any CPU.ActiveCfg = Debug|Any CPU
		{CAF2D004-E63B-4BBD-9607-C4117D641E49}.Debug|Any CPU.Build.0 = Debug|Any CPU
		{CAF2D004-E63B-4BBD-9607-C4117D641E49}.Release|Any CPU.ActiveCfg = Release|Any CPU
		{CAF2D004-E63B-4BBD-9607-C4117D641E49}.Release|Any CPU.Build.0 = Release|Any CPU
		{35E75EBD-209B-4B1C-A854-51A3AC1D2AE3}.Debug|Any CPU.ActiveCfg = Debug|Any CPU
		{35E75EBD-209B-4B1C-A854-51A3AC1D2AE3}.Debug|Any CPU.Build.0 = Debug|Any CPU
		{35E75EBD-209B-4B1C-A854-51A3AC1D2AE3}.Release|Any CPU.ActiveCfg = Release|Any CPU
		{35E75EBD-209B-4B1C-A854-51A3AC1D2AE3}.Release|Any CPU.Build.0 = Release|Any CPU
		{D66F4BF6-8526-4A84-80C2-4E229759992F}.Debug|Any CPU.ActiveCfg = Debug|Any CPU
		{D66F4BF6-8526-4A84-80C2-4E229759992F}.Debug|Any CPU.Build.0 = Debug|Any CPU
		{D66F4BF6-8526-4A84-80C2-4E229759992F}.Release|Any CPU.ActiveCfg = Release|Any CPU
		{D66F4BF6-8526-4A84-80C2-4E229759992F}.Release|Any CPU.Build.0 = Release|Any CPU
		{654FF997-9EBC-48B4-9307-0ED9E5960CC3}.Debug|Any CPU.ActiveCfg = Debug|Any CPU
		{654FF997-9EBC-48B4-9307-0ED9E5960CC3}.Debug|Any CPU.Build.0 = Debug|Any CPU
		{654FF997-9EBC-48B4-9307-0ED9E5960CC3}.Release|Any CPU.ActiveCfg = Release|Any CPU
		{654FF997-9EBC-48B4-9307-0ED9E5960CC3}.Release|Any CPU.Build.0 = Release|Any CPU
		{DEAC4052-8A6B-4A48-A5CC-5C24A33E790F}.Debug|Any CPU.ActiveCfg = Debug|Any CPU
		{DEAC4052-8A6B-4A48-A5CC-5C24A33E790F}.Debug|Any CPU.Build.0 = Debug|Any CPU
		{DEAC4052-8A6B-4A48-A5CC-5C24A33E790F}.Release|Any CPU.ActiveCfg = Release|Any CPU
		{DEAC4052-8A6B-4A48-A5CC-5C24A33E790F}.Release|Any CPU.Build.0 = Release|Any CPU
	EndGlobalSection
	GlobalSection(SolutionProperties) = preSolution
		HideSolutionNode = FALSE
	EndGlobalSection
	GlobalSection(ExtensibilityGlobals) = postSolution
		SolutionGuid = {A81E6502-BC6D-4959-B80D-2174264A8CB3}
	EndGlobalSection
	GlobalSection(NestedProjects) = preSolution
	EndGlobalSection
EndGlobal
